
Microsoft Visual Studio Solution File, Format Version 12.00
# Visual Studio Version 17
VisualStudioVersion = 17.4.33213.308
MinimumVisualStudioVersion = 10.0.40219.1
Project("{FAE04EC0-301F-11D3-BF4B-00C04F79EFBC}") = "CatalogoProdutosAPI", "CatalogoProdutosAPI.csproj", "{B3E50C8B-1BF3-48DB-99E3-F7D6F3BE75D8}"
EndProject
Global
	GlobalSection(SolutionConfigurationPlatforms) = preSolution
		Debug|Any CPU = Debug|Any CPU
		Release|Any CPU = Release|Any CPU
	EndGlobalSection
	GlobalSection(ProjectConfigurationPlatforms) = postSolution
		{B3E50C8B-1BF3-48DB-99E3-F7D6F3BE75D8}.Debug|Any CPU.ActiveCfg = Debug|Any CPU
		{B3E50C8B-1BF3-48DB-99E3-F7D6F3BE75D8}.Debug|Any CPU.Build.0 = Debug|Any CPU
		{B3E50C8B-1BF3-48DB-99E3-F7D6F3BE75D8}.Release|Any CPU.ActiveCfg = Release|Any CPU
		{B3E50C8B-1BF3-48DB-99E3-F7D6F3BE75D8}.Release|Any CPU.Build.0 = Release|Any CPU
	EndGlobalSection
	GlobalSection(SolutionProperties) = preSolution
		HideSolutionNode = FALSE
	EndGlobalSection
	GlobalSection(ExtensibilityGlobals) = postSolution
		SolutionGuid = {6DD021AB-FABA-48AB-B746-F2A1877AB5D1}
	EndGlobalSection
EndGlobal
